# This file is automatically @generated by Cargo.
# It is not intended for manual editing.
[[package]]
name = "lazy_static"
version = "0.2.4"
source = "registry+https://github.com/rust-lang/crates.io-index"

[[package]]
name = "libc"
version = "0.2.20"
source = "registry+https://github.com/rust-lang/crates.io-index"

[[package]]
name = "pkcs11shim"
version = "0.1.0"
dependencies = [
 "lazy_static 0.2.4 (registry+https://github.com/rust-lang/crates.io-index)",
 "libc 0.2.20 (registry+https://github.com/rust-lang/crates.io-index)",
]

[metadata]
"checksum lazy_static 0.2.4 (registry+https://github.com/rust-lang/crates.io-index)" = "7291b1dd97d331f752620b02dfdbc231df7fc01bf282a00769e1cdb963c460dc"
"checksum libc 0.2.20 (registry+https://github.com/rust-lang/crates.io-index)" = "684f330624d8c3784fb9558ca46c4ce488073a8d22450415c5eb4f4cfb0d11b5"
